
Microsoft Visual Studio Solution File, Format Version 12.00
Project("{FAE04EC0-301F-11D3-BF4B-00C04F79EFBC}") = "Api", "Api\Api.csproj", "{4A792AD6-A320-4F9E-8EBA-1A335EF60EEA}"
EndProject
Project("{FAE04EC0-301F-11D3-BF4B-00C04F79EFBC}") = "Persistence", "Persistence\Persistence.csproj", "{11BD3A54-978E-4500-9A64-291C56AF9EA5}"
EndProject
Global
	GlobalSection(SolutionConfigurationPlatforms) = preSolution
		Debug|Any CPU = Debug|Any CPU
		Release|Any CPU = Release|Any CPU
	EndGlobalSection
	GlobalSection(ProjectConfigurationPlatforms) = postSolution
		{4A792AD6-A320-4F9E-8EBA-1A335EF60EEA}.Debug|Any CPU.ActiveCfg = Debug|Any CPU
		{4A792AD6-A320-4F9E-8EBA-1A335EF60EEA}.Debug|Any CPU.Build.0 = Debug|Any CPU
		{4A792AD6-A320-4F9E-8EBA-1A335EF60EEA}.Release|Any CPU.ActiveCfg = Release|Any CPU
		{4A792AD6-A320-4F9E-8EBA-1A335EF60EEA}.Release|Any CPU.Build.0 = Release|Any CPU
		{11BD3A54-978E-4500-9A64-291C56AF9EA5}.Debug|Any CPU.ActiveCfg = Debug|Any CPU
		{11BD3A54-978E-4500-9A64-291C56AF9EA5}.Debug|Any CPU.Build.0 = Debug|Any CPU
		{11BD3A54-978E-4500-9A64-291C56AF9EA5}.Release|Any CPU.ActiveCfg = Release|Any CPU
		{11BD3A54-978E-4500-9A64-291C56AF9EA5}.Release|Any CPU.Build.0 = Release|Any CPU
	EndGlobalSection
EndGlobal
